<?xml version="1.0" encoding="utf-8"?>
<Project ToolsVersion="4.0" xmlns="http://schemas.microsoft.com/developer/msbuild/2003">
  <ItemGroup>
    <Filter Include="Source Files">
      <UniqueIdentifier>{ba5fa799-4039-4a6f-b0c5-7d5984655629}</UniqueIdentifier>
      <Extensions>cpp;c;cxx;rc;def;r;odl;idl;hpj;bat</Extensions>
    </Filter>
    <Filter Include="Header Files">
      <UniqueIdentifier>{3722e37d-c233-4249-a5b0-d3678f111d0c}</UniqueIdentifier>
      <Extensions>h;hpp;hxx;hm;inl</Extensions>
    </Filter>
    <Filter Include="Resource Files">
      <UniqueIdentifier>{ad9a6278-c786-41b0-8f53-80e9213a4a9e}</UniqueIdentifier>
      <Extensions>ico;cur;bmp;dlg;rc2;rct;bin;rgs;gif;jpg;jpeg;jpe</Extensions>
    </Filter>
  </ItemGroup>
  <ItemGroup>
    <ClCompile Include="Auxiliary.cpp">
      <Filter>Source Files</Filter>
    </ClCompile>
    <ClCompile Include="fSnake.cpp">
      <Filter>Source Files</Filter>
    </ClCompile>
    <ClCompile Include="fSnake_op.cpp">
      <Filter>Source Files</Filter>
    </ClCompile>
    <ClCompile Include="sharedmem.cpp">
      <Filter>Source Files</Filter>
    </ClCompile>
    <ClCompile Include="Snake.cpp">
      <Filter>Source Files</Filter>
    </ClCompile>
  </ItemGroup>
  <ItemGroup>
    <ClInclude Include="Auxiliary.h">
      <Filter>Header Files</Filter>
    </ClInclude>
    <ClInclude Include="fSnake.h">
      <Filter>Header Files</Filter>
    </ClInclude>
    <ClInclude Include="fSnake_op.h">
      <Filter>Header Files</Filter>
    </ClInclude>
    <ClInclude Include="sharedmem.h">
      <Filter>Header Files</Filter>
    </ClInclude>
    <ClInclude Include="Snake.h">
      <Filter>Header Files</Filter>
    </ClInclude>
    <ClInclude Include="Stdafx.h">
      <Filter>Header Files</Filter>
    </ClInclude>
  </ItemGroup>
  <ItemGroup>
    <None Include="aestesis-logo.bmp">
      <Filter>Resource Files</Filter>
    </None>
    <None Include="Snake.def">
      <Filter>Resource Files</Filter>
    </None>
  </ItemGroup>
  <ItemGroup>
    <ResourceCompile Include="Snake.rc">
      <Filter>Resource Files</Filter>
    </ResourceCompile>
  </ItemGroup>
</Project>