Microsoft Visual Studio Solution File, Format Version 8.00
Project("{8BC9CEB8-8B4A-11D0-8D11-00A0C91BC942}") = "libpng", "libpng.vcproj", "{F07E6341-9D8C-414D-B455-20372A1BF5BF}"
	ProjectSection(ProjectDependencies) = postProject
		{F48C7421-B834-4729-A10B-1EB2B2053B2F} = {F48C7421-B834-4729-A10B-1EB2B2053B2F}
	EndProjectSection
EndProject
Project("{8BC9CEB8-8B4A-11D0-8D11-00A0C91BC942}") = "zlib", "..\zlib\zlib.vcproj", "{F48C7421-B834-4729-A10B-1EB2B2053B2F}"
	ProjectSection(ProjectDependencies) = postProject
	EndProjectSection
EndProject
Global
	GlobalSection(SolutionConfiguration) = preSolution
		Debug = Debug
		Release = Release
	EndGlobalSection
	GlobalSection(ProjectConfiguration) = postSolution
		{F07E6341-9D8C-414D-B455-20372A1BF5BF}.Debug.ActiveCfg = Debug|Win32
		{F07E6341-9D8C-414D-B455-20372A1BF5BF}.Debug.Build.0 = Debug|Win32
		{F07E6341-9D8C-414D-B455-20372A1BF5BF}.Release.ActiveCfg = Release|Win32
		{F07E6341-9D8C-414D-B455-20372A1BF5BF}.Release.Build.0 = Release|Win32
		{F48C7421-B834-4729-A10B-1EB2B2053B2F}.Debug.ActiveCfg = Debug|Win32
		{F48C7421-B834-4729-A10B-1EB2B2053B2F}.Debug.Build.0 = Debug|Win32
		{F48C7421-B834-4729-A10B-1EB2B2053B2F}.Release.ActiveCfg = Release|Win32
		{F48C7421-B834-4729-A10B-1EB2B2053B2F}.Release.Build.0 = Release|Win32
	EndGlobalSection
	GlobalSection(ExtensibilityGlobals) = postSolution
	EndGlobalSection
	GlobalSection(ExtensibilityAddIns) = postSolution
	EndGlobalSection
EndGlobal
