<?xml version="1.0" encoding="utf-8"?>
<Project ToolsVersion="4.0" xmlns="http://schemas.microsoft.com/developer/msbuild/2003">
  <ItemGroup>
    <Filter Include="Source Files">
      <UniqueIdentifier>{77f8112a-5cba-479d-9d08-29fbcb6372a5}</UniqueIdentifier>
      <Extensions>cpp;c;cxx;rc;def;r;odl;idl;hpj;bat</Extensions>
    </Filter>
    <Filter Include="Header Files">
      <UniqueIdentifier>{051225a1-3f78-42fc-9ea1-9fc51bd13c16}</UniqueIdentifier>
      <Extensions>h;hpp;hxx;hm;inl</Extensions>
    </Filter>
  </ItemGroup>
  <ItemGroup>
    <ClCompile Include="3dnow_win.cpp">
      <Filter>Source Files</Filter>
    </ClCompile>
    <ClCompile Include="AAFilter.cpp">
      <Filter>Source Files</Filter>
    </ClCompile>
    <ClCompile Include="cpu_detect_x86_win.cpp">
      <Filter>Source Files</Filter>
    </ClCompile>
    <ClCompile Include="FIFOSampleBuffer.cpp">
      <Filter>Source Files</Filter>
    </ClCompile>
    <ClCompile Include="FIRFilter.cpp">
      <Filter>Source Files</Filter>
    </ClCompile>
    <ClCompile Include="mmx_win.cpp">
      <Filter>Source Files</Filter>
    </ClCompile>
    <ClCompile Include="RateTransposer.cpp">
      <Filter>Source Files</Filter>
    </ClCompile>
    <ClCompile Include="SoundTouch.cpp">
      <Filter>Source Files</Filter>
    </ClCompile>
    <ClCompile Include="sse_win.cpp">
      <Filter>Source Files</Filter>
    </ClCompile>
    <ClCompile Include="TDStretch.cpp">
      <Filter>Source Files</Filter>
    </ClCompile>
  </ItemGroup>
  <ItemGroup>
    <ClInclude Include="AAFilter.h">
      <Filter>Header Files</Filter>
    </ClInclude>
    <ClInclude Include="cpu_detect.h">
      <Filter>Header Files</Filter>
    </ClInclude>
    <ClInclude Include="..\..\include\FIFOSampleBuffer.h">
      <Filter>Header Files</Filter>
    </ClInclude>
    <ClInclude Include="..\..\include\FIFOSamplePipe.h">
      <Filter>Header Files</Filter>
    </ClInclude>
    <ClInclude Include="FIRFilter.h">
      <Filter>Header Files</Filter>
    </ClInclude>
    <ClInclude Include="RateTransposer.h">
      <Filter>Header Files</Filter>
    </ClInclude>
    <ClInclude Include="..\..\include\SoundTouch.h">
      <Filter>Header Files</Filter>
    </ClInclude>
    <ClInclude Include="..\..\include\STTypes.h">
      <Filter>Header Files</Filter>
    </ClInclude>
    <ClInclude Include="TDStretch.h">
      <Filter>Header Files</Filter>
    </ClInclude>
  </ItemGroup>
</Project>