Microsoft Visual Studio Solution File, Format Version 8.00
Project("{8BC9CEB8-8B4A-11D0-8D11-00A0C91BC942}") = "remote", "remote.vcproj", "{DC692F5D-2B55-4C41-ABE5-89539CB5E8B0}"
	ProjectSection(ProjectDependencies) = postProject
		{A2C51D1F-D8BA-4FF9-A067-4324E23FA7CC} = {A2C51D1F-D8BA-4FF9-A067-4324E23FA7CC}
		{F48C7421-B834-4729-A10B-1EB2B2053B2F} = {F48C7421-B834-4729-A10B-1EB2B2053B2F}
		{5EC16667-1210-4A00-B5D4-6AEB577BBE54} = {5EC16667-1210-4A00-B5D4-6AEB577BBE54}
		{104C4E6E-9821-45E7-A89A-A6ABCBD6FF75} = {104C4E6E-9821-45E7-A89A-A6ABCBD6FF75}
		{073D40D3-D2EB-4ED3-BC43-9E02D9CAD8C4} = {073D40D3-D2EB-4ED3-BC43-9E02D9CAD8C4}
	EndProjectSection
EndProject
Project("{8BC9CEB8-8B4A-11D0-8D11-00A0C91BC942}") = "Alib", "..\Alib\Alib.vcproj", "{5EC16667-1210-4A00-B5D4-6AEB577BBE54}"
	ProjectSection(ProjectDependencies) = postProject
		{F48C7421-B834-4729-A10B-1EB2B2053B2F} = {F48C7421-B834-4729-A10B-1EB2B2053B2F}
		{073D40D3-D2EB-4ED3-BC43-9E02D9CAD8C4} = {073D40D3-D2EB-4ED3-BC43-9E02D9CAD8C4}
	EndProjectSection
EndProject
Project("{8BC9CEB8-8B4A-11D0-8D11-00A0C91BC942}") = "libpng", "..\libpng\libpng.vcproj", "{073D40D3-D2EB-4ED3-BC43-9E02D9CAD8C4}"
	ProjectSection(ProjectDependencies) = postProject
		{F48C7421-B834-4729-A10B-1EB2B2053B2F} = {F48C7421-B834-4729-A10B-1EB2B2053B2F}
	EndProjectSection
EndProject
Project("{8BC9CEB8-8B4A-11D0-8D11-00A0C91BC942}") = "eleKtro", "..\eleKtro\eleKtro.vcproj", "{104C4E6E-9821-45E7-A89A-A6ABCBD6FF75}"
	ProjectSection(ProjectDependencies) = postProject
		{F48C7421-B834-4729-A10B-1EB2B2053B2F} = {F48C7421-B834-4729-A10B-1EB2B2053B2F}
		{5EC16667-1210-4A00-B5D4-6AEB577BBE54} = {5EC16667-1210-4A00-B5D4-6AEB577BBE54}
		{073D40D3-D2EB-4ED3-BC43-9E02D9CAD8C4} = {073D40D3-D2EB-4ED3-BC43-9E02D9CAD8C4}
	EndProjectSection
EndProject
Project("{8BC9CEB8-8B4A-11D0-8D11-00A0C91BC942}") = "elektronika", "..\elektronika\elektronika.vcproj", "{A2C51D1F-D8BA-4FF9-A067-4324E23FA7CC}"
	ProjectSection(ProjectDependencies) = postProject
		{F48C7421-B834-4729-A10B-1EB2B2053B2F} = {F48C7421-B834-4729-A10B-1EB2B2053B2F}
		{5EC16667-1210-4A00-B5D4-6AEB577BBE54} = {5EC16667-1210-4A00-B5D4-6AEB577BBE54}
		{104C4E6E-9821-45E7-A89A-A6ABCBD6FF75} = {104C4E6E-9821-45E7-A89A-A6ABCBD6FF75}
		{073D40D3-D2EB-4ED3-BC43-9E02D9CAD8C4} = {073D40D3-D2EB-4ED3-BC43-9E02D9CAD8C4}
	EndProjectSection
EndProject
Project("{8BC9CEB8-8B4A-11D0-8D11-00A0C91BC942}") = "zlib", "..\zlib\zlib.vcproj", "{F48C7421-B834-4729-A10B-1EB2B2053B2F}"
	ProjectSection(ProjectDependencies) = postProject
	EndProjectSection
EndProject
Global
	GlobalSection(DPCodeReviewSolutionGUID) = preSolution
		DPCodeReviewSolutionGUID = {00000000-0000-0000-0000-000000000000}
	EndGlobalSection
	GlobalSection(SolutionConfiguration) = preSolution
		Debug = Debug
		debug VSTUDIO = debug VSTUDIO
		Release = Release
		Release VSTUDIO = Release VSTUDIO
	EndGlobalSection
	GlobalSection(ProjectConfiguration) = postSolution
		{DC692F5D-2B55-4C41-ABE5-89539CB5E8B0}.Debug.ActiveCfg = Debug|Win32
		{DC692F5D-2B55-4C41-ABE5-89539CB5E8B0}.Debug.Build.0 = Debug|Win32
		{DC692F5D-2B55-4C41-ABE5-89539CB5E8B0}.debug VSTUDIO.ActiveCfg = debug VSTUDIO|Win32
		{DC692F5D-2B55-4C41-ABE5-89539CB5E8B0}.debug VSTUDIO.Build.0 = debug VSTUDIO|Win32
		{DC692F5D-2B55-4C41-ABE5-89539CB5E8B0}.Release.ActiveCfg = Release|Win32
		{DC692F5D-2B55-4C41-ABE5-89539CB5E8B0}.Release.Build.0 = Release|Win32
		{DC692F5D-2B55-4C41-ABE5-89539CB5E8B0}.Release VSTUDIO.ActiveCfg = Release VSTUDIO|Win32
		{DC692F5D-2B55-4C41-ABE5-89539CB5E8B0}.Release VSTUDIO.Build.0 = Release VSTUDIO|Win32
		{5EC16667-1210-4A00-B5D4-6AEB577BBE54}.Debug.ActiveCfg = Debug|Win32
		{5EC16667-1210-4A00-B5D4-6AEB577BBE54}.Debug.Build.0 = Debug|Win32
		{5EC16667-1210-4A00-B5D4-6AEB577BBE54}.debug VSTUDIO.ActiveCfg = debug VSTUDIO|Win32
		{5EC16667-1210-4A00-B5D4-6AEB577BBE54}.debug VSTUDIO.Build.0 = debug VSTUDIO|Win32
		{5EC16667-1210-4A00-B5D4-6AEB577BBE54}.Release.ActiveCfg = Release|Win32
		{5EC16667-1210-4A00-B5D4-6AEB577BBE54}.Release.Build.0 = Release|Win32
		{5EC16667-1210-4A00-B5D4-6AEB577BBE54}.Release VSTUDIO.ActiveCfg = Release VSTUDIO|Win32
		{5EC16667-1210-4A00-B5D4-6AEB577BBE54}.Release VSTUDIO.Build.0 = Release VSTUDIO|Win32
		{073D40D3-D2EB-4ED3-BC43-9E02D9CAD8C4}.Debug.ActiveCfg = Debug|Win32
		{073D40D3-D2EB-4ED3-BC43-9E02D9CAD8C4}.Debug.Build.0 = Debug|Win32
		{073D40D3-D2EB-4ED3-BC43-9E02D9CAD8C4}.debug VSTUDIO.ActiveCfg = debug VSTUDIO|Win32
		{073D40D3-D2EB-4ED3-BC43-9E02D9CAD8C4}.debug VSTUDIO.Build.0 = debug VSTUDIO|Win32
		{073D40D3-D2EB-4ED3-BC43-9E02D9CAD8C4}.Release.ActiveCfg = Release|Win32
		{073D40D3-D2EB-4ED3-BC43-9E02D9CAD8C4}.Release.Build.0 = Release|Win32
		{073D40D3-D2EB-4ED3-BC43-9E02D9CAD8C4}.Release VSTUDIO.ActiveCfg = Release VSTUDIO|Win32
		{073D40D3-D2EB-4ED3-BC43-9E02D9CAD8C4}.Release VSTUDIO.Build.0 = Release VSTUDIO|Win32
		{104C4E6E-9821-45E7-A89A-A6ABCBD6FF75}.Debug.ActiveCfg = Debug|Win32
		{104C4E6E-9821-45E7-A89A-A6ABCBD6FF75}.Debug.Build.0 = Debug|Win32
		{104C4E6E-9821-45E7-A89A-A6ABCBD6FF75}.debug VSTUDIO.ActiveCfg = debug VSTUDIO|Win32
		{104C4E6E-9821-45E7-A89A-A6ABCBD6FF75}.debug VSTUDIO.Build.0 = debug VSTUDIO|Win32
		{104C4E6E-9821-45E7-A89A-A6ABCBD6FF75}.Release.ActiveCfg = Release|Win32
		{104C4E6E-9821-45E7-A89A-A6ABCBD6FF75}.Release.Build.0 = Release|Win32
		{104C4E6E-9821-45E7-A89A-A6ABCBD6FF75}.Release VSTUDIO.ActiveCfg = Release VSTUDIO|Win32
		{104C4E6E-9821-45E7-A89A-A6ABCBD6FF75}.Release VSTUDIO.Build.0 = Release VSTUDIO|Win32
		{A2C51D1F-D8BA-4FF9-A067-4324E23FA7CC}.Debug.ActiveCfg = Debug|Win32
		{A2C51D1F-D8BA-4FF9-A067-4324E23FA7CC}.Debug.Build.0 = Debug|Win32
		{A2C51D1F-D8BA-4FF9-A067-4324E23FA7CC}.debug VSTUDIO.ActiveCfg = debug VSTUDIO|Win32
		{A2C51D1F-D8BA-4FF9-A067-4324E23FA7CC}.debug VSTUDIO.Build.0 = debug VSTUDIO|Win32
		{A2C51D1F-D8BA-4FF9-A067-4324E23FA7CC}.Release.ActiveCfg = Release|Win32
		{A2C51D1F-D8BA-4FF9-A067-4324E23FA7CC}.Release.Build.0 = Release|Win32
		{A2C51D1F-D8BA-4FF9-A067-4324E23FA7CC}.Release VSTUDIO.ActiveCfg = Release VSTUDIO|Win32
		{A2C51D1F-D8BA-4FF9-A067-4324E23FA7CC}.Release VSTUDIO.Build.0 = Release VSTUDIO|Win32
		{F48C7421-B834-4729-A10B-1EB2B2053B2F}.Debug.ActiveCfg = Debug|Win32
		{F48C7421-B834-4729-A10B-1EB2B2053B2F}.Debug.Build.0 = Debug|Win32
		{F48C7421-B834-4729-A10B-1EB2B2053B2F}.debug VSTUDIO.ActiveCfg = debug VSTUDIO|Win32
		{F48C7421-B834-4729-A10B-1EB2B2053B2F}.debug VSTUDIO.Build.0 = debug VSTUDIO|Win32
		{F48C7421-B834-4729-A10B-1EB2B2053B2F}.Release.ActiveCfg = Release|Win32
		{F48C7421-B834-4729-A10B-1EB2B2053B2F}.Release.Build.0 = Release|Win32
		{F48C7421-B834-4729-A10B-1EB2B2053B2F}.Release VSTUDIO.ActiveCfg = Release VSTUDIO|Win32
		{F48C7421-B834-4729-A10B-1EB2B2053B2F}.Release VSTUDIO.Build.0 = Release VSTUDIO|Win32
	EndGlobalSection
	GlobalSection(ExtensibilityGlobals) = postSolution
	EndGlobalSection
	GlobalSection(ExtensibilityAddIns) = postSolution
	EndGlobalSection
EndGlobal
